{
  "name": "cliww",
  "version": "1.4.1",
  "lockfileVersion": 1,
  "requires": true,
  "dependencies": {
    "adm-zip": {
      "version": "0.4.14",
      "resolved": "https://registry.npmjs.org/adm-zip/-/adm-zip-0.4.14.tgz",
      "integrity": "sha512-/9aQCnQHF+0IiCl0qhXoK7qs//SwYE7zX8lsr/DNk1BRAHYxeLZPL4pguwK29gUEqasYQjqPtEpDRSWEkdHn9g=="
    },
    "command-exists": {
      "version": "1.2.9",
      "resolved": "https://registry.npmjs.org/command-exists/-/command-exists-1.2.9.tgz",
      "integrity": "sha512-LTQ/SGc+s0Xc0Fu5WaKnR0YiygZkm9eKFvyS+fRsU7/ZWFF8ykFM6Pc9aCVf1+xasOOZpO3BAVgVrKvsqKHV7w=="
    }
  }
}
